
Microsoft Visual Studio Solution File, Format Version 12.00
# Visual Studio Version 17
VisualStudioVersion = 17.9.34622.214
MinimumVisualStudioVersion = 10.0.40219.1
Project("{FAE04EC0-301F-11D3-BF4B-00C04F79EFBC}") = "AccountCounterApp", "AccountCounterApp\AccountCounterApp.csproj", "{7DFAFD99-7796-4A83-ACB6-5171AA69E4E3}"
EndProject
Global
	GlobalSection(SolutionConfigurationPlatforms) = preSolution
		Debug|Any CPU = Debug|Any CPU
		Release|Any CPU = Release|Any CPU
	EndGlobalSection
	GlobalSection(ProjectConfigurationPlatforms) = postSolution
		{7DFAFD99-7796-4A83-ACB6-5171AA69E4E3}.Debug|Any CPU.ActiveCfg = Debug|Any CPU
		{7DFAFD99-7796-4A83-ACB6-5171AA69E4E3}.Debug|Any CPU.Build.0 = Debug|Any CPU
		{7DFAFD99-7796-4A83-ACB6-5171AA69E4E3}.Release|Any CPU.ActiveCfg = Release|Any CPU
		{7DFAFD99-7796-4A83-ACB6-5171AA69E4E3}.Release|Any CPU.Build.0 = Release|Any CPU
	EndGlobalSection
	GlobalSection(SolutionProperties) = preSolution
		HideSolutionNode = FALSE
	EndGlobalSection
	GlobalSection(ExtensibilityGlobals) = postSolution
		SolutionGuid = {A402AE3A-7BB0-4EF6-8761-50F959DF5EB5}
	EndGlobalSection
EndGlobal
